
Microsoft Visual Studio Solution File, Format Version 12.00
# Visual Studio Version 17
VisualStudioVersion = 17.5.33424.131
MinimumVisualStudioVersion = 10.0.40219.1
Project("{9A19103F-16F7-4668-BE54-9A1E7A4F7556}") = "01_Generics", "01_Generics\01_Generics.csproj", "{23CBE9C8-A53E-43C8-9EE1-A627645454CF}"
EndProject
Project("{9A19103F-16F7-4668-BE54-9A1E7A4F7556}") = "02_VarDinamic", "02_VarDinamic\02_VarDinamic.csproj", "{39CE4041-260B-435E-B133-10D9F20671AE}"
EndProject
Project("{9A19103F-16F7-4668-BE54-9A1E7A4F7556}") = "03_ExtensionMethods", "03_ExtensionMethods\03_ExtensionMethods.csproj", "{C16E754D-5531-4A6E-A724-01B69FD44A21}"
EndProject
Project("{9A19103F-16F7-4668-BE54-9A1E7A4F7556}") = "04_Nullable", "04_Nullable\04_Nullable.csproj", "{1B4B1FDD-6E26-4954-B7B8-173CECAD58BE}"
EndProject
Project("{9A19103F-16F7-4668-BE54-9A1E7A4F7556}") = "05_LINQ", "05_LINQ\05_LINQ.csproj", "{82A68914-D591-41D4-81DA-8FDB773D5CE5}"
EndProject
Project("{9A19103F-16F7-4668-BE54-9A1E7A4F7556}") = "06_Delegate", "06_Delegate\06_Delegate.csproj", "{2FB3CDB4-372E-4F06-96B1-51141C81CA4B}"
EndProject
Project("{9A19103F-16F7-4668-BE54-9A1E7A4F7556}") = "07_Eventos", "07_Eventos\07_Eventos.csproj", "{0D3A6066-32A9-4B63-A9B4-B08F2988B79D}"
EndProject
Project("{9A19103F-16F7-4668-BE54-9A1E7A4F7556}") = "07_01_DelegatesAndEvents", "07_01_DelegatesAndEvents\07_01_DelegatesAndEvents.csproj", "{F8649E74-156A-44F8-8C76-6A209FE205F8}"
EndProject
Project("{9A19103F-16F7-4668-BE54-9A1E7A4F7556}") = "08_Thread", "08_Thread\08_Thread.csproj", "{281948A8-F299-4F9E-9FF9-57F6898FF826}"
EndProject
Project("{9A19103F-16F7-4668-BE54-9A1E7A4F7556}") = "08_MultiThread", "08_MultiThread\08_MultiThread.csproj", "{952E3140-FACF-45D3-B57D-2F7735C4E0D4}"
EndProject
Project("{9A19103F-16F7-4668-BE54-9A1E7A4F7556}") = "08_ThreadSafe", "08_ThreadSafe\08_ThreadSafe.csproj", "{B9A85996-017D-4318-BF33-1E75675DDEE0}"
EndProject
Project("{FAE04EC0-301F-11D3-BF4B-00C04F79EFBC}") = "08_ThreadId", "08_ThreadId\08_ThreadId.csproj", "{63A56B2B-E187-4296-A9EC-FB5A6D34A197}"
EndProject
Project("{FAE04EC0-301F-11D3-BF4B-00C04F79EFBC}") = "08_ThreadResets", "08_ThreadResets\08_ThreadResets.csproj", "{9E80DFEB-BA80-45F2-9FA7-25C2B093DC9B}"
EndProject
Project("{FAE04EC0-301F-11D3-BF4B-00C04F79EFBC}") = "09_Tasks", "09_Tasks\09_Tasks.csproj", "{A8C0CD84-6697-4562-B85E-981EDBA31FF6}"
EndProject
Project("{FAE04EC0-301F-11D3-BF4B-00C04F79EFBC}") = "09_Tasks2", "09_Tasks2\09_Tasks2.csproj", "{69A1E39A-A24D-40BF-8EEC-CD46FBB8BF50}"
EndProject
Project("{FAE04EC0-301F-11D3-BF4B-00C04F79EFBC}") = "10_Atributo", "10_Atributo\10_Atributo.csproj", "{385C68F4-5407-4989-BEFB-893A1D1BE57C}"
EndProject
Project("{FAE04EC0-301F-11D3-BF4B-00C04F79EFBC}") = "11_Reflections", "11_Reflections\11_Reflections.csproj", "{511F720A-B7B0-455A-9C88-D9C677F9395F}"
EndProject
Project("{FAE04EC0-301F-11D3-BF4B-00C04F79EFBC}") = "Matematica", "Matematica\Matematica.csproj", "{C63B9F56-29E9-4221-90FC-90AEDFA0F1E8}"
EndProject
Global
	GlobalSection(SolutionConfigurationPlatforms) = preSolution
		Debug|Any CPU = Debug|Any CPU
		Debug|ARM = Debug|ARM
		Debug|ARM64 = Debug|ARM64
		Debug|x64 = Debug|x64
		Debug|x86 = Debug|x86
		Release|Any CPU = Release|Any CPU
		Release|ARM = Release|ARM
		Release|ARM64 = Release|ARM64
		Release|x64 = Release|x64
		Release|x86 = Release|x86
	EndGlobalSection
	GlobalSection(ProjectConfigurationPlatforms) = postSolution
		{23CBE9C8-A53E-43C8-9EE1-A627645454CF}.Debug|Any CPU.ActiveCfg = Debug|Any CPU
		{23CBE9C8-A53E-43C8-9EE1-A627645454CF}.Debug|Any CPU.Build.0 = Debug|Any CPU
		{23CBE9C8-A53E-43C8-9EE1-A627645454CF}.Debug|ARM.ActiveCfg = Debug|Any CPU
		{23CBE9C8-A53E-43C8-9EE1-A627645454CF}.Debug|ARM.Build.0 = Debug|Any CPU
		{23CBE9C8-A53E-43C8-9EE1-A627645454CF}.Debug|ARM64.ActiveCfg = Debug|Any CPU
		{23CBE9C8-A53E-43C8-9EE1-A627645454CF}.Debug|ARM64.Build.0 = Debug|Any CPU
		{23CBE9C8-A53E-43C8-9EE1-A627645454CF}.Debug|x64.ActiveCfg = Debug|Any CPU
		{23CBE9C8-A53E-43C8-9EE1-A627645454CF}.Debug|x64.Build.0 = Debug|Any CPU
		{23CBE9C8-A53E-43C8-9EE1-A627645454CF}.Debug|x86.ActiveCfg = Debug|Any CPU
		{23CBE9C8-A53E-43C8-9EE1-A627645454CF}.Debug|x86.Build.0 = Debug|Any CPU
		{23CBE9C8-A53E-43C8-9EE1-A627645454CF}.Release|Any CPU.ActiveCfg = Release|Any CPU
		{23CBE9C8-A53E-43C8-9EE1-A627645454CF}.Release|Any CPU.Build.0 = Release|Any CPU
		{23CBE9C8-A53E-43C8-9EE1-A627645454CF}.Release|ARM.ActiveCfg = Release|Any CPU
		{23CBE9C8-A53E-43C8-9EE1-A627645454CF}.Release|ARM.Build.0 = Release|Any CPU
		{23CBE9C8-A53E-43C8-9EE1-A627645454CF}.Release|ARM64.ActiveCfg = Release|Any CPU
		{23CBE9C8-A53E-43C8-9EE1-A627645454CF}.Release|ARM64.Build.0 = Release|Any CPU
		{23CBE9C8-A53E-43C8-9EE1-A627645454CF}.Release|x64.ActiveCfg = Release|Any CPU
		{23CBE9C8-A53E-43C8-9EE1-A627645454CF}.Release|x64.Build.0 = Release|Any CPU
		{23CBE9C8-A53E-43C8-9EE1-A627645454CF}.Release|x86.ActiveCfg = Release|Any CPU
		{23CBE9C8-A53E-43C8-9EE1-A627645454CF}.Release|x86.Build.0 = Release|Any CPU
		{39CE4041-260B-435E-B133-10D9F20671AE}.Debug|Any CPU.ActiveCfg = Debug|Any CPU
		{39CE4041-260B-435E-B133-10D9F20671AE}.Debug|Any CPU.Build.0 = Debug|Any CPU
		{39CE4041-260B-435E-B133-10D9F20671AE}.Debug|ARM.ActiveCfg = Debug|Any CPU
		{39CE4041-260B-435E-B133-10D9F20671AE}.Debug|ARM.Build.0 = Debug|Any CPU
		{39CE4041-260B-435E-B133-10D9F20671AE}.Debug|ARM64.ActiveCfg = Debug|Any CPU
		{39CE4041-260B-435E-B133-10D9F20671AE}.Debug|ARM64.Build.0 = Debug|Any CPU
		{39CE4041-260B-435E-B133-10D9F20671AE}.Debug|x64.ActiveCfg = Debug|Any CPU
		{39CE4041-260B-435E-B133-10D9F20671AE}.Debug|x64.Build.0 = Debug|Any CPU
		{39CE4041-260B-435E-B133-10D9F20671AE}.Debug|x86.ActiveCfg = Debug|Any CPU
		{39CE4041-260B-435E-B133-10D9F20671AE}.Debug|x86.Build.0 = Debug|Any CPU
		{39CE4041-260B-435E-B133-10D9F20671AE}.Release|Any CPU.ActiveCfg = Release|Any CPU
		{39CE4041-260B-435E-B133-10D9F20671AE}.Release|Any CPU.Build.0 = Release|Any CPU
		{39CE4041-260B-435E-B133-10D9F20671AE}.Release|ARM.ActiveCfg = Release|Any CPU
		{39CE4041-260B-435E-B133-10D9F20671AE}.Release|ARM.Build.0 = Release|Any CPU
		{39CE4041-260B-435E-B133-10D9F20671AE}.Release|ARM64.ActiveCfg = Release|Any CPU
		{39CE4041-260B-435E-B133-10D9F20671AE}.Release|ARM64.Build.0 = Release|Any CPU
		{39CE4041-260B-435E-B133-10D9F20671AE}.Release|x64.ActiveCfg = Release|Any CPU
		{39CE4041-260B-435E-B133-10D9F20671AE}.Release|x64.Build.0 = Release|Any CPU
		{39CE4041-260B-435E-B133-10D9F20671AE}.Release|x86.ActiveCfg = Release|Any CPU
		{39CE4041-260B-435E-B133-10D9F20671AE}.Release|x86.Build.0 = Release|Any CPU
		{C16E754D-5531-4A6E-A724-01B69FD44A21}.Debug|Any CPU.ActiveCfg = Debug|Any CPU
		{C16E754D-5531-4A6E-A724-01B69FD44A21}.Debug|Any CPU.Build.0 = Debug|Any CPU
		{C16E754D-5531-4A6E-A724-01B69FD44A21}.Debug|ARM.ActiveCfg = Debug|Any CPU
		{C16E754D-5531-4A6E-A724-01B69FD44A21}.Debug|ARM.Build.0 = Debug|Any CPU
		{C16E754D-5531-4A6E-A724-01B69FD44A21}.Debug|ARM64.ActiveCfg = Debug|Any CPU
		{C16E754D-5531-4A6E-A724-01B69FD44A21}.Debug|ARM64.Build.0 = Debug|Any CPU
		{C16E754D-5531-4A6E-A724-01B69FD44A21}.Debug|x64.ActiveCfg = Debug|Any CPU
		{C16E754D-5531-4A6E-A724-01B69FD44A21}.Debug|x64.Build.0 = Debug|Any CPU
		{C16E754D-5531-4A6E-A724-01B69FD44A21}.Debug|x86.ActiveCfg = Debug|Any CPU
		{C16E754D-5531-4A6E-A724-01B69FD44A21}.Debug|x86.Build.0 = Debug|Any CPU
		{C16E754D-5531-4A6E-A724-01B69FD44A21}.Release|Any CPU.ActiveCfg = Release|Any CPU
		{C16E754D-5531-4A6E-A724-01B69FD44A21}.Release|Any CPU.Build.0 = Release|Any CPU
		{C16E754D-5531-4A6E-A724-01B69FD44A21}.Release|ARM.ActiveCfg = Release|Any CPU
		{C16E754D-5531-4A6E-A724-01B69FD44A21}.Release|ARM.Build.0 = Release|Any CPU
		{C16E754D-5531-4A6E-A724-01B69FD44A21}.Release|ARM64.ActiveCfg = Release|Any CPU
		{C16E754D-5531-4A6E-A724-01B69FD44A21}.Release|ARM64.Build.0 = Release|Any CPU
		{C16E754D-5531-4A6E-A724-01B69FD44A21}.Release|x64.ActiveCfg = Release|Any CPU
		{C16E754D-5531-4A6E-A724-01B69FD44A21}.Release|x64.Build.0 = Release|Any CPU
		{C16E754D-5531-4A6E-A724-01B69FD44A21}.Release|x86.ActiveCfg = Release|Any CPU
		{C16E754D-5531-4A6E-A724-01B69FD44A21}.Release|x86.Build.0 = Release|Any CPU
		{1B4B1FDD-6E26-4954-B7B8-173CECAD58BE}.Debug|Any CPU.ActiveCfg = Debug|Any CPU
		{1B4B1FDD-6E26-4954-B7B8-173CECAD58BE}.Debug|Any CPU.Build.0 = Debug|Any CPU
		{1B4B1FDD-6E26-4954-B7B8-173CECAD58BE}.Debug|ARM.ActiveCfg = Debug|Any CPU
		{1B4B1FDD-6E26-4954-B7B8-173CECAD58BE}.Debug|ARM.Build.0 = Debug|Any CPU
		{1B4B1FDD-6E26-4954-B7B8-173CECAD58BE}.Debug|ARM64.ActiveCfg = Debug|Any CPU
		{1B4B1FDD-6E26-4954-B7B8-173CECAD58BE}.Debug|ARM64.Build.0 = Debug|Any CPU
		{1B4B1FDD-6E26-4954-B7B8-173CECAD58BE}.Debug|x64.ActiveCfg = Debug|Any CPU
		{1B4B1FDD-6E26-4954-B7B8-173CECAD58BE}.Debug|x64.Build.0 = Debug|Any CPU
		{1B4B1FDD-6E26-4954-B7B8-173CECAD58BE}.Debug|x86.ActiveCfg = Debug|Any CPU
		{1B4B1FDD-6E26-4954-B7B8-173CECAD58BE}.Debug|x86.Build.0 = Debug|Any CPU
		{1B4B1FDD-6E26-4954-B7B8-173CECAD58BE}.Release|Any CPU.ActiveCfg = Release|Any CPU
		{1B4B1FDD-6E26-4954-B7B8-173CECAD58BE}.Release|Any CPU.Build.0 = Release|Any CPU
		{1B4B1FDD-6E26-4954-B7B8-173CECAD58BE}.Release|ARM.ActiveCfg = Release|Any CPU
		{1B4B1FDD-6E26-4954-B7B8-173CECAD58BE}.Release|ARM.Build.0 = Release|Any CPU
		{1B4B1FDD-6E26-4954-B7B8-173CECAD58BE}.Release|ARM64.ActiveCfg = Release|Any CPU
		{1B4B1FDD-6E26-4954-B7B8-173CECAD58BE}.Release|ARM64.Build.0 = Release|Any CPU
		{1B4B1FDD-6E26-4954-B7B8-173CECAD58BE}.Release|x64.ActiveCfg = Release|Any CPU
		{1B4B1FDD-6E26-4954-B7B8-173CECAD58BE}.Release|x64.Build.0 = Release|Any CPU
		{1B4B1FDD-6E26-4954-B7B8-173CECAD58BE}.Release|x86.ActiveCfg = Release|Any CPU
		{1B4B1FDD-6E26-4954-B7B8-173CECAD58BE}.Release|x86.Build.0 = Release|Any CPU
		{82A68914-D591-41D4-81DA-8FDB773D5CE5}.Debug|Any CPU.ActiveCfg = Debug|Any CPU
		{82A68914-D591-41D4-81DA-8FDB773D5CE5}.Debug|Any CPU.Build.0 = Debug|Any CPU
		{82A68914-D591-41D4-81DA-8FDB773D5CE5}.Debug|ARM.ActiveCfg = Debug|Any CPU
		{82A68914-D591-41D4-81DA-8FDB773D5CE5}.Debug|ARM.Build.0 = Debug|Any CPU
		{82A68914-D591-41D4-81DA-8FDB773D5CE5}.Debug|ARM64.ActiveCfg = Debug|Any CPU
		{82A68914-D591-41D4-81DA-8FDB773D5CE5}.Debug|ARM64.Build.0 = Debug|Any CPU
		{82A68914-D591-41D4-81DA-8FDB773D5CE5}.Debug|x64.ActiveCfg = Debug|Any CPU
		{82A68914-D591-41D4-81DA-8FDB773D5CE5}.Debug|x64.Build.0 = Debug|Any CPU
		{82A68914-D591-41D4-81DA-8FDB773D5CE5}.Debug|x86.ActiveCfg = Debug|Any CPU
		{82A68914-D591-41D4-81DA-8FDB773D5CE5}.Debug|x86.Build.0 = Debug|Any CPU
		{82A68914-D591-41D4-81DA-8FDB773D5CE5}.Release|Any CPU.ActiveCfg = Release|Any CPU
		{82A68914-D591-41D4-81DA-8FDB773D5CE5}.Release|Any CPU.Build.0 = Release|Any CPU
		{82A68914-D591-41D4-81DA-8FDB773D5CE5}.Release|ARM.ActiveCfg = Release|Any CPU
		{82A68914-D591-41D4-81DA-8FDB773D5CE5}.Release|ARM.Build.0 = Release|Any CPU
		{82A68914-D591-41D4-81DA-8FDB773D5CE5}.Release|ARM64.ActiveCfg = Release|Any CPU
		{82A68914-D591-41D4-81DA-8FDB773D5CE5}.Release|ARM64.Build.0 = Release|Any CPU
		{82A68914-D591-41D4-81DA-8FDB773D5CE5}.Release|x64.ActiveCfg = Release|Any CPU
		{82A68914-D591-41D4-81DA-8FDB773D5CE5}.Release|x64.Build.0 = Release|Any CPU
		{82A68914-D591-41D4-81DA-8FDB773D5CE5}.Release|x86.ActiveCfg = Release|Any CPU
		{82A68914-D591-41D4-81DA-8FDB773D5CE5}.Release|x86.Build.0 = Release|Any CPU
		{2FB3CDB4-372E-4F06-96B1-51141C81CA4B}.Debug|Any CPU.ActiveCfg = Debug|Any CPU
		{2FB3CDB4-372E-4F06-96B1-51141C81CA4B}.Debug|Any CPU.Build.0 = Debug|Any CPU
		{2FB3CDB4-372E-4F06-96B1-51141C81CA4B}.Debug|ARM.ActiveCfg = Debug|Any CPU
		{2FB3CDB4-372E-4F06-96B1-51141C81CA4B}.Debug|ARM.Build.0 = Debug|Any CPU
		{2FB3CDB4-372E-4F06-96B1-51141C81CA4B}.Debug|ARM64.ActiveCfg = Debug|Any CPU
		{2FB3CDB4-372E-4F06-96B1-51141C81CA4B}.Debug|ARM64.Build.0 = Debug|Any CPU
		{2FB3CDB4-372E-4F06-96B1-51141C81CA4B}.Debug|x64.ActiveCfg = Debug|Any CPU
		{2FB3CDB4-372E-4F06-96B1-51141C81CA4B}.Debug|x64.Build.0 = Debug|Any CPU
		{2FB3CDB4-372E-4F06-96B1-51141C81CA4B}.Debug|x86.ActiveCfg = Debug|Any CPU
		{2FB3CDB4-372E-4F06-96B1-51141C81CA4B}.Debug|x86.Build.0 = Debug|Any CPU
		{2FB3CDB4-372E-4F06-96B1-51141C81CA4B}.Release|Any CPU.ActiveCfg = Release|Any CPU
		{2FB3CDB4-372E-4F06-96B1-51141C81CA4B}.Release|Any CPU.Build.0 = Release|Any CPU
		{2FB3CDB4-372E-4F06-96B1-51141C81CA4B}.Release|ARM.ActiveCfg = Release|Any CPU
		{2FB3CDB4-372E-4F06-96B1-51141C81CA4B}.Release|ARM.Build.0 = Release|Any CPU
		{2FB3CDB4-372E-4F06-96B1-51141C81CA4B}.Release|ARM64.ActiveCfg = Release|Any CPU
		{2FB3CDB4-372E-4F06-96B1-51141C81CA4B}.Release|ARM64.Build.0 = Release|Any CPU
		{2FB3CDB4-372E-4F06-96B1-51141C81CA4B}.Release|x64.ActiveCfg = Release|Any CPU
		{2FB3CDB4-372E-4F06-96B1-51141C81CA4B}.Release|x64.Build.0 = Release|Any CPU
		{2FB3CDB4-372E-4F06-96B1-51141C81CA4B}.Release|x86.ActiveCfg = Release|Any CPU
		{2FB3CDB4-372E-4F06-96B1-51141C81CA4B}.Release|x86.Build.0 = Release|Any CPU
		{0D3A6066-32A9-4B63-A9B4-B08F2988B79D}.Debug|Any CPU.ActiveCfg = Debug|Any CPU
		{0D3A6066-32A9-4B63-A9B4-B08F2988B79D}.Debug|Any CPU.Build.0 = Debug|Any CPU
		{0D3A6066-32A9-4B63-A9B4-B08F2988B79D}.Debug|ARM.ActiveCfg = Debug|Any CPU
		{0D3A6066-32A9-4B63-A9B4-B08F2988B79D}.Debug|ARM.Build.0 = Debug|Any CPU
		{0D3A6066-32A9-4B63-A9B4-B08F2988B79D}.Debug|ARM64.ActiveCfg = Debug|Any CPU
		{0D3A6066-32A9-4B63-A9B4-B08F2988B79D}.Debug|ARM64.Build.0 = Debug|Any CPU
		{0D3A6066-32A9-4B63-A9B4-B08F2988B79D}.Debug|x64.ActiveCfg = Debug|Any CPU
		{0D3A6066-32A9-4B63-A9B4-B08F2988B79D}.Debug|x64.Build.0 = Debug|Any CPU
		{0D3A6066-32A9-4B63-A9B4-B08F2988B79D}.Debug|x86.ActiveCfg = Debug|Any CPU
		{0D3A6066-32A9-4B63-A9B4-B08F2988B79D}.Debug|x86.Build.0 = Debug|Any CPU
		{0D3A6066-32A9-4B63-A9B4-B08F2988B79D}.Release|Any CPU.ActiveCfg = Release|Any CPU
		{0D3A6066-32A9-4B63-A9B4-B08F2988B79D}.Release|Any CPU.Build.0 = Release|Any CPU
		{0D3A6066-32A9-4B63-A9B4-B08F2988B79D}.Release|ARM.ActiveCfg = Release|Any CPU
		{0D3A6066-32A9-4B63-A9B4-B08F2988B79D}.Release|ARM.Build.0 = Release|Any CPU
		{0D3A6066-32A9-4B63-A9B4-B08F2988B79D}.Release|ARM64.ActiveCfg = Release|Any CPU
		{0D3A6066-32A9-4B63-A9B4-B08F2988B79D}.Release|ARM64.Build.0 = Release|Any CPU
		{0D3A6066-32A9-4B63-A9B4-B08F2988B79D}.Release|x64.ActiveCfg = Release|Any CPU
		{0D3A6066-32A9-4B63-A9B4-B08F2988B79D}.Release|x64.Build.0 = Release|Any CPU
		{0D3A6066-32A9-4B63-A9B4-B08F2988B79D}.Release|x86.ActiveCfg = Release|Any CPU
		{0D3A6066-32A9-4B63-A9B4-B08F2988B79D}.Release|x86.Build.0 = Release|Any CPU
		{F8649E74-156A-44F8-8C76-6A209FE205F8}.Debug|Any CPU.ActiveCfg = Debug|Any CPU
		{F8649E74-156A-44F8-8C76-6A209FE205F8}.Debug|Any CPU.Build.0 = Debug|Any CPU
		{F8649E74-156A-44F8-8C76-6A209FE205F8}.Debug|ARM.ActiveCfg = Debug|Any CPU
		{F8649E74-156A-44F8-8C76-6A209FE205F8}.Debug|ARM.Build.0 = Debug|Any CPU
		{F8649E74-156A-44F8-8C76-6A209FE205F8}.Debug|ARM64.ActiveCfg = Debug|Any CPU
		{F8649E74-156A-44F8-8C76-6A209FE205F8}.Debug|ARM64.Build.0 = Debug|Any CPU
		{F8649E74-156A-44F8-8C76-6A209FE205F8}.Debug|x64.ActiveCfg = Debug|Any CPU
		{F8649E74-156A-44F8-8C76-6A209FE205F8}.Debug|x64.Build.0 = Debug|Any CPU
		{F8649E74-156A-44F8-8C76-6A209FE205F8}.Debug|x86.ActiveCfg = Debug|Any CPU
		{F8649E74-156A-44F8-8C76-6A209FE205F8}.Debug|x86.Build.0 = Debug|Any CPU
		{F8649E74-156A-44F8-8C76-6A209FE205F8}.Release|Any CPU.ActiveCfg = Release|Any CPU
		{F8649E74-156A-44F8-8C76-6A209FE205F8}.Release|Any CPU.Build.0 = Release|Any CPU
		{F8649E74-156A-44F8-8C76-6A209FE205F8}.Release|ARM.ActiveCfg = Release|Any CPU
		{F8649E74-156A-44F8-8C76-6A209FE205F8}.Release|ARM.Build.0 = Release|Any CPU
		{F8649E74-156A-44F8-8C76-6A209FE205F8}.Release|ARM64.ActiveCfg = Release|Any CPU
		{F8649E74-156A-44F8-8C76-6A209FE205F8}.Release|ARM64.Build.0 = Release|Any CPU
		{F8649E74-156A-44F8-8C76-6A209FE205F8}.Release|x64.ActiveCfg = Release|Any CPU
		{F8649E74-156A-44F8-8C76-6A209FE205F8}.Release|x64.Build.0 = Release|Any CPU
		{F8649E74-156A-44F8-8C76-6A209FE205F8}.Release|x86.ActiveCfg = Release|Any CPU
		{F8649E74-156A-44F8-8C76-6A209FE205F8}.Release|x86.Build.0 = Release|Any CPU
		{281948A8-F299-4F9E-9FF9-57F6898FF826}.Debug|Any CPU.ActiveCfg = Debug|Any CPU
		{281948A8-F299-4F9E-9FF9-57F6898FF826}.Debug|Any CPU.Build.0 = Debug|Any CPU
		{281948A8-F299-4F9E-9FF9-57F6898FF826}.Debug|ARM.ActiveCfg = Debug|Any CPU
		{281948A8-F299-4F9E-9FF9-57F6898FF826}.Debug|ARM.Build.0 = Debug|Any CPU
		{281948A8-F299-4F9E-9FF9-57F6898FF826}.Debug|ARM64.ActiveCfg = Debug|Any CPU
		{281948A8-F299-4F9E-9FF9-57F6898FF826}.Debug|ARM64.Build.0 = Debug|Any CPU
		{281948A8-F299-4F9E-9FF9-57F6898FF826}.Debug|x64.ActiveCfg = Debug|Any CPU
		{281948A8-F299-4F9E-9FF9-57F6898FF826}.Debug|x64.Build.0 = Debug|Any CPU
		{281948A8-F299-4F9E-9FF9-57F6898FF826}.Debug|x86.ActiveCfg = Debug|Any CPU
		{281948A8-F299-4F9E-9FF9-57F6898FF826}.Debug|x86.Build.0 = Debug|Any CPU
		{281948A8-F299-4F9E-9FF9-57F6898FF826}.Release|Any CPU.ActiveCfg = Release|Any CPU
		{281948A8-F299-4F9E-9FF9-57F6898FF826}.Release|Any CPU.Build.0 = Release|Any CPU
		{281948A8-F299-4F9E-9FF9-57F6898FF826}.Release|ARM.ActiveCfg = Release|Any CPU
		{281948A8-F299-4F9E-9FF9-57F6898FF826}.Release|ARM.Build.0 = Release|Any CPU
		{281948A8-F299-4F9E-9FF9-57F6898FF826}.Release|ARM64.ActiveCfg = Release|Any CPU
		{281948A8-F299-4F9E-9FF9-57F6898FF826}.Release|ARM64.Build.0 = Release|Any CPU
		{281948A8-F299-4F9E-9FF9-57F6898FF826}.Release|x64.ActiveCfg = Release|Any CPU
		{281948A8-F299-4F9E-9FF9-57F6898FF826}.Release|x64.Build.0 = Release|Any CPU
		{281948A8-F299-4F9E-9FF9-57F6898FF826}.Release|x86.ActiveCfg = Release|Any CPU
		{281948A8-F299-4F9E-9FF9-57F6898FF826}.Release|x86.Build.0 = Release|Any CPU
		{952E3140-FACF-45D3-B57D-2F7735C4E0D4}.Debug|Any CPU.ActiveCfg = Debug|Any CPU
		{952E3140-FACF-45D3-B57D-2F7735C4E0D4}.Debug|Any CPU.Build.0 = Debug|Any CPU
		{952E3140-FACF-45D3-B57D-2F7735C4E0D4}.Debug|ARM.ActiveCfg = Debug|Any CPU
		{952E3140-FACF-45D3-B57D-2F7735C4E0D4}.Debug|ARM.Build.0 = Debug|Any CPU
		{952E3140-FACF-45D3-B57D-2F7735C4E0D4}.Debug|ARM64.ActiveCfg = Debug|Any CPU
		{952E3140-FACF-45D3-B57D-2F7735C4E0D4}.Debug|ARM64.Build.0 = Debug|Any CPU
		{952E3140-FACF-45D3-B57D-2F7735C4E0D4}.Debug|x64.ActiveCfg = Debug|Any CPU
		{952E3140-FACF-45D3-B57D-2F7735C4E0D4}.Debug|x64.Build.0 = Debug|Any CPU
		{952E3140-FACF-45D3-B57D-2F7735C4E0D4}.Debug|x86.ActiveCfg = Debug|Any CPU
		{952E3140-FACF-45D3-B57D-2F7735C4E0D4}.Debug|x86.Build.0 = Debug|Any CPU
		{952E3140-FACF-45D3-B57D-2F7735C4E0D4}.Release|Any CPU.ActiveCfg = Release|Any CPU
		{952E3140-FACF-45D3-B57D-2F7735C4E0D4}.Release|Any CPU.Build.0 = Release|Any CPU
		{952E3140-FACF-45D3-B57D-2F7735C4E0D4}.Release|ARM.ActiveCfg = Release|Any CPU
		{952E3140-FACF-45D3-B57D-2F7735C4E0D4}.Release|ARM.Build.0 = Release|Any CPU
		{952E3140-FACF-45D3-B57D-2F7735C4E0D4}.Release|ARM64.ActiveCfg = Release|Any CPU
		{952E3140-FACF-45D3-B57D-2F7735C4E0D4}.Release|ARM64.Build.0 = Release|Any CPU
		{952E3140-FACF-45D3-B57D-2F7735C4E0D4}.Release|x64.ActiveCfg = Release|Any CPU
		{952E3140-FACF-45D3-B57D-2F7735C4E0D4}.Release|x64.Build.0 = Release|Any CPU
		{952E3140-FACF-45D3-B57D-2F7735C4E0D4}.Release|x86.ActiveCfg = Release|Any CPU
		{952E3140-FACF-45D3-B57D-2F7735C4E0D4}.Release|x86.Build.0 = Release|Any CPU
		{B9A85996-017D-4318-BF33-1E75675DDEE0}.Debug|Any CPU.ActiveCfg = Debug|Any CPU
		{B9A85996-017D-4318-BF33-1E75675DDEE0}.Debug|Any CPU.Build.0 = Debug|Any CPU
		{B9A85996-017D-4318-BF33-1E75675DDEE0}.Debug|ARM.ActiveCfg = Debug|Any CPU
		{B9A85996-017D-4318-BF33-1E75675DDEE0}.Debug|ARM.Build.0 = Debug|Any CPU
		{B9A85996-017D-4318-BF33-1E75675DDEE0}.Debug|ARM64.ActiveCfg = Debug|Any CPU
		{B9A85996-017D-4318-BF33-1E75675DDEE0}.Debug|ARM64.Build.0 = Debug|Any CPU
		{B9A85996-017D-4318-BF33-1E75675DDEE0}.Debug|x64.ActiveCfg = Debug|Any CPU
		{B9A85996-017D-4318-BF33-1E75675DDEE0}.Debug|x64.Build.0 = Debug|Any CPU
		{B9A85996-017D-4318-BF33-1E75675DDEE0}.Debug|x86.ActiveCfg = Debug|Any CPU
		{B9A85996-017D-4318-BF33-1E75675DDEE0}.Debug|x86.Build.0 = Debug|Any CPU
		{B9A85996-017D-4318-BF33-1E75675DDEE0}.Release|Any CPU.ActiveCfg = Release|Any CPU
		{B9A85996-017D-4318-BF33-1E75675DDEE0}.Release|Any CPU.Build.0 = Release|Any CPU
		{B9A85996-017D-4318-BF33-1E75675DDEE0}.Release|ARM.ActiveCfg = Release|Any CPU
		{B9A85996-017D-4318-BF33-1E75675DDEE0}.Release|ARM.Build.0 = Release|Any CPU
		{B9A85996-017D-4318-BF33-1E75675DDEE0}.Release|ARM64.ActiveCfg = Release|Any CPU
		{B9A85996-017D-4318-BF33-1E75675DDEE0}.Release|ARM64.Build.0 = Release|Any CPU
		{B9A85996-017D-4318-BF33-1E75675DDEE0}.Release|x64.ActiveCfg = Release|Any CPU
		{B9A85996-017D-4318-BF33-1E75675DDEE0}.Release|x64.Build.0 = Release|Any CPU
		{B9A85996-017D-4318-BF33-1E75675DDEE0}.Release|x86.ActiveCfg = Release|Any CPU
		{B9A85996-017D-4318-BF33-1E75675DDEE0}.Release|x86.Build.0 = Release|Any CPU
		{63A56B2B-E187-4296-A9EC-FB5A6D34A197}.Debug|Any CPU.ActiveCfg = Debug|Any CPU
		{63A56B2B-E187-4296-A9EC-FB5A6D34A197}.Debug|Any CPU.Build.0 = Debug|Any CPU
		{63A56B2B-E187-4296-A9EC-FB5A6D34A197}.Debug|ARM.ActiveCfg = Debug|Any CPU
		{63A56B2B-E187-4296-A9EC-FB5A6D34A197}.Debug|ARM.Build.0 = Debug|Any CPU
		{63A56B2B-E187-4296-A9EC-FB5A6D34A197}.Debug|ARM64.ActiveCfg = Debug|Any CPU
		{63A56B2B-E187-4296-A9EC-FB5A6D34A197}.Debug|ARM64.Build.0 = Debug|Any CPU
		{63A56B2B-E187-4296-A9EC-FB5A6D34A197}.Debug|x64.ActiveCfg = Debug|Any CPU
		{63A56B2B-E187-4296-A9EC-FB5A6D34A197}.Debug|x64.Build.0 = Debug|Any CPU
		{63A56B2B-E187-4296-A9EC-FB5A6D34A197}.Debug|x86.ActiveCfg = Debug|Any CPU
		{63A56B2B-E187-4296-A9EC-FB5A6D34A197}.Debug|x86.Build.0 = Debug|Any CPU
		{63A56B2B-E187-4296-A9EC-FB5A6D34A197}.Release|Any CPU.ActiveCfg = Release|Any CPU
		{63A56B2B-E187-4296-A9EC-FB5A6D34A197}.Release|Any CPU.Build.0 = Release|Any CPU
		{63A56B2B-E187-4296-A9EC-FB5A6D34A197}.Release|ARM.ActiveCfg = Release|Any CPU
		{63A56B2B-E187-4296-A9EC-FB5A6D34A197}.Release|ARM.Build.0 = Release|Any CPU
		{63A56B2B-E187-4296-A9EC-FB5A6D34A197}.Release|ARM64.ActiveCfg = Release|Any CPU
		{63A56B2B-E187-4296-A9EC-FB5A6D34A197}.Release|ARM64.Build.0 = Release|Any CPU
		{63A56B2B-E187-4296-A9EC-FB5A6D34A197}.Release|x64.ActiveCfg = Release|Any CPU
		{63A56B2B-E187-4296-A9EC-FB5A6D34A197}.Release|x64.Build.0 = Release|Any CPU
		{63A56B2B-E187-4296-A9EC-FB5A6D34A197}.Release|x86.ActiveCfg = Release|Any CPU
		{63A56B2B-E187-4296-A9EC-FB5A6D34A197}.Release|x86.Build.0 = Release|Any CPU
		{9E80DFEB-BA80-45F2-9FA7-25C2B093DC9B}.Debug|Any CPU.ActiveCfg = Debug|Any CPU
		{9E80DFEB-BA80-45F2-9FA7-25C2B093DC9B}.Debug|Any CPU.Build.0 = Debug|Any CPU
		{9E80DFEB-BA80-45F2-9FA7-25C2B093DC9B}.Debug|ARM.ActiveCfg = Debug|Any CPU
		{9E80DFEB-BA80-45F2-9FA7-25C2B093DC9B}.Debug|ARM.Build.0 = Debug|Any CPU
		{9E80DFEB-BA80-45F2-9FA7-25C2B093DC9B}.Debug|ARM64.ActiveCfg = Debug|Any CPU
		{9E80DFEB-BA80-45F2-9FA7-25C2B093DC9B}.Debug|ARM64.Build.0 = Debug|Any CPU
		{9E80DFEB-BA80-45F2-9FA7-25C2B093DC9B}.Debug|x64.ActiveCfg = Debug|Any CPU
		{9E80DFEB-BA80-45F2-9FA7-25C2B093DC9B}.Debug|x64.Build.0 = Debug|Any CPU
		{9E80DFEB-BA80-45F2-9FA7-25C2B093DC9B}.Debug|x86.ActiveCfg = Debug|Any CPU
		{9E80DFEB-BA80-45F2-9FA7-25C2B093DC9B}.Debug|x86.Build.0 = Debug|Any CPU
		{9E80DFEB-BA80-45F2-9FA7-25C2B093DC9B}.Release|Any CPU.ActiveCfg = Release|Any CPU
		{9E80DFEB-BA80-45F2-9FA7-25C2B093DC9B}.Release|Any CPU.Build.0 = Release|Any CPU
		{9E80DFEB-BA80-45F2-9FA7-25C2B093DC9B}.Release|ARM.ActiveCfg = Release|Any CPU
		{9E80DFEB-BA80-45F2-9FA7-25C2B093DC9B}.Release|ARM.Build.0 = Release|Any CPU
		{9E80DFEB-BA80-45F2-9FA7-25C2B093DC9B}.Release|ARM64.ActiveCfg = Release|Any CPU
		{9E80DFEB-BA80-45F2-9FA7-25C2B093DC9B}.Release|ARM64.Build.0 = Release|Any CPU
		{9E80DFEB-BA80-45F2-9FA7-25C2B093DC9B}.Release|x64.ActiveCfg = Release|Any CPU
		{9E80DFEB-BA80-45F2-9FA7-25C2B093DC9B}.Release|x64.Build.0 = Release|Any CPU
		{9E80DFEB-BA80-45F2-9FA7-25C2B093DC9B}.Release|x86.ActiveCfg = Release|Any CPU
		{9E80DFEB-BA80-45F2-9FA7-25C2B093DC9B}.Release|x86.Build.0 = Release|Any CPU
		{A8C0CD84-6697-4562-B85E-981EDBA31FF6}.Debug|Any CPU.ActiveCfg = Debug|Any CPU
		{A8C0CD84-6697-4562-B85E-981EDBA31FF6}.Debug|Any CPU.Build.0 = Debug|Any CPU
		{A8C0CD84-6697-4562-B85E-981EDBA31FF6}.Debug|ARM.ActiveCfg = Debug|Any CPU
		{A8C0CD84-6697-4562-B85E-981EDBA31FF6}.Debug|ARM.Build.0 = Debug|Any CPU
		{A8C0CD84-6697-4562-B85E-981EDBA31FF6}.Debug|ARM64.ActiveCfg = Debug|Any CPU
		{A8C0CD84-6697-4562-B85E-981EDBA31FF6}.Debug|ARM64.Build.0 = Debug|Any CPU
		{A8C0CD84-6697-4562-B85E-981EDBA31FF6}.Debug|x64.ActiveCfg = Debug|Any CPU
		{A8C0CD84-6697-4562-B85E-981EDBA31FF6}.Debug|x64.Build.0 = Debug|Any CPU
		{A8C0CD84-6697-4562-B85E-981EDBA31FF6}.Debug|x86.ActiveCfg = Debug|Any CPU
		{A8C0CD84-6697-4562-B85E-981EDBA31FF6}.Debug|x86.Build.0 = Debug|Any CPU
		{A8C0CD84-6697-4562-B85E-981EDBA31FF6}.Release|Any CPU.ActiveCfg = Release|Any CPU
		{A8C0CD84-6697-4562-B85E-981EDBA31FF6}.Release|Any CPU.Build.0 = Release|Any CPU
		{A8C0CD84-6697-4562-B85E-981EDBA31FF6}.Release|ARM.ActiveCfg = Release|Any CPU
		{A8C0CD84-6697-4562-B85E-981EDBA31FF6}.Release|ARM.Build.0 = Release|Any CPU
		{A8C0CD84-6697-4562-B85E-981EDBA31FF6}.Release|ARM64.ActiveCfg = Release|Any CPU
		{A8C0CD84-6697-4562-B85E-981EDBA31FF6}.Release|ARM64.Build.0 = Release|Any CPU
		{A8C0CD84-6697-4562-B85E-981EDBA31FF6}.Release|x64.ActiveCfg = Release|Any CPU
		{A8C0CD84-6697-4562-B85E-981EDBA31FF6}.Release|x64.Build.0 = Release|Any CPU
		{A8C0CD84-6697-4562-B85E-981EDBA31FF6}.Release|x86.ActiveCfg = Release|Any CPU
		{A8C0CD84-6697-4562-B85E-981EDBA31FF6}.Release|x86.Build.0 = Release|Any CPU
		{69A1E39A-A24D-40BF-8EEC-CD46FBB8BF50}.Debug|Any CPU.ActiveCfg = Debug|Any CPU
		{69A1E39A-A24D-40BF-8EEC-CD46FBB8BF50}.Debug|Any CPU.Build.0 = Debug|Any CPU
		{69A1E39A-A24D-40BF-8EEC-CD46FBB8BF50}.Debug|ARM.ActiveCfg = Debug|Any CPU
		{69A1E39A-A24D-40BF-8EEC-CD46FBB8BF50}.Debug|ARM.Build.0 = Debug|Any CPU
		{69A1E39A-A24D-40BF-8EEC-CD46FBB8BF50}.Debug|ARM64.ActiveCfg = Debug|Any CPU
		{69A1E39A-A24D-40BF-8EEC-CD46FBB8BF50}.Debug|ARM64.Build.0 = Debug|Any CPU
		{69A1E39A-A24D-40BF-8EEC-CD46FBB8BF50}.Debug|x64.ActiveCfg = Debug|Any CPU
		{69A1E39A-A24D-40BF-8EEC-CD46FBB8BF50}.Debug|x64.Build.0 = Debug|Any CPU
		{69A1E39A-A24D-40BF-8EEC-CD46FBB8BF50}.Debug|x86.ActiveCfg = Debug|Any CPU
		{69A1E39A-A24D-40BF-8EEC-CD46FBB8BF50}.Debug|x86.Build.0 = Debug|Any CPU
		{69A1E39A-A24D-40BF-8EEC-CD46FBB8BF50}.Release|Any CPU.ActiveCfg = Release|Any CPU
		{69A1E39A-A24D-40BF-8EEC-CD46FBB8BF50}.Release|Any CPU.Build.0 = Release|Any CPU
		{69A1E39A-A24D-40BF-8EEC-CD46FBB8BF50}.Release|ARM.ActiveCfg = Release|Any CPU
		{69A1E39A-A24D-40BF-8EEC-CD46FBB8BF50}.Release|ARM.Build.0 = Release|Any CPU
		{69A1E39A-A24D-40BF-8EEC-CD46FBB8BF50}.Release|ARM64.ActiveCfg = Release|Any CPU
		{69A1E39A-A24D-40BF-8EEC-CD46FBB8BF50}.Release|ARM64.Build.0 = Release|Any CPU
		{69A1E39A-A24D-40BF-8EEC-CD46FBB8BF50}.Release|x64.ActiveCfg = Release|Any CPU
		{69A1E39A-A24D-40BF-8EEC-CD46FBB8BF50}.Release|x64.Build.0 = Release|Any CPU
		{69A1E39A-A24D-40BF-8EEC-CD46FBB8BF50}.Release|x86.ActiveCfg = Release|Any CPU
		{69A1E39A-A24D-40BF-8EEC-CD46FBB8BF50}.Release|x86.Build.0 = Release|Any CPU
		{385C68F4-5407-4989-BEFB-893A1D1BE57C}.Debug|Any CPU.ActiveCfg = Debug|Any CPU
		{385C68F4-5407-4989-BEFB-893A1D1BE57C}.Debug|Any CPU.Build.0 = Debug|Any CPU
		{385C68F4-5407-4989-BEFB-893A1D1BE57C}.Debug|ARM.ActiveCfg = Debug|Any CPU
		{385C68F4-5407-4989-BEFB-893A1D1BE57C}.Debug|ARM.Build.0 = Debug|Any CPU
		{385C68F4-5407-4989-BEFB-893A1D1BE57C}.Debug|ARM64.ActiveCfg = Debug|Any CPU
		{385C68F4-5407-4989-BEFB-893A1D1BE57C}.Debug|ARM64.Build.0 = Debug|Any CPU
		{385C68F4-5407-4989-BEFB-893A1D1BE57C}.Debug|x64.ActiveCfg = Debug|Any CPU
		{385C68F4-5407-4989-BEFB-893A1D1BE57C}.Debug|x64.Build.0 = Debug|Any CPU
		{385C68F4-5407-4989-BEFB-893A1D1BE57C}.Debug|x86.ActiveCfg = Debug|Any CPU
		{385C68F4-5407-4989-BEFB-893A1D1BE57C}.Debug|x86.Build.0 = Debug|Any CPU
		{385C68F4-5407-4989-BEFB-893A1D1BE57C}.Release|Any CPU.ActiveCfg = Release|Any CPU
		{385C68F4-5407-4989-BEFB-893A1D1BE57C}.Release|Any CPU.Build.0 = Release|Any CPU
		{385C68F4-5407-4989-BEFB-893A1D1BE57C}.Release|ARM.ActiveCfg = Release|Any CPU
		{385C68F4-5407-4989-BEFB-893A1D1BE57C}.Release|ARM.Build.0 = Release|Any CPU
		{385C68F4-5407-4989-BEFB-893A1D1BE57C}.Release|ARM64.ActiveCfg = Release|Any CPU
		{385C68F4-5407-4989-BEFB-893A1D1BE57C}.Release|ARM64.Build.0 = Release|Any CPU
		{385C68F4-5407-4989-BEFB-893A1D1BE57C}.Release|x64.ActiveCfg = Release|Any CPU
		{385C68F4-5407-4989-BEFB-893A1D1BE57C}.Release|x64.Build.0 = Release|Any CPU
		{385C68F4-5407-4989-BEFB-893A1D1BE57C}.Release|x86.ActiveCfg = Release|Any CPU
		{385C68F4-5407-4989-BEFB-893A1D1BE57C}.Release|x86.Build.0 = Release|Any CPU
		{511F720A-B7B0-455A-9C88-D9C677F9395F}.Debug|Any CPU.ActiveCfg = Debug|Any CPU
		{511F720A-B7B0-455A-9C88-D9C677F9395F}.Debug|Any CPU.Build.0 = Debug|Any CPU
		{511F720A-B7B0-455A-9C88-D9C677F9395F}.Debug|ARM.ActiveCfg = Debug|Any CPU
		{511F720A-B7B0-455A-9C88-D9C677F9395F}.Debug|ARM.Build.0 = Debug|Any CPU
		{511F720A-B7B0-455A-9C88-D9C677F9395F}.Debug|ARM64.ActiveCfg = Debug|Any CPU
		{511F720A-B7B0-455A-9C88-D9C677F9395F}.Debug|ARM64.Build.0 = Debug|Any CPU
		{511F720A-B7B0-455A-9C88-D9C677F9395F}.Debug|x64.ActiveCfg = Debug|Any CPU
		{511F720A-B7B0-455A-9C88-D9C677F9395F}.Debug|x64.Build.0 = Debug|Any CPU
		{511F720A-B7B0-455A-9C88-D9C677F9395F}.Debug|x86.ActiveCfg = Debug|Any CPU
		{511F720A-B7B0-455A-9C88-D9C677F9395F}.Debug|x86.Build.0 = Debug|Any CPU
		{511F720A-B7B0-455A-9C88-D9C677F9395F}.Release|Any CPU.ActiveCfg = Release|Any CPU
		{511F720A-B7B0-455A-9C88-D9C677F9395F}.Release|Any CPU.Build.0 = Release|Any CPU
		{511F720A-B7B0-455A-9C88-D9C677F9395F}.Release|ARM.ActiveCfg = Release|Any CPU
		{511F720A-B7B0-455A-9C88-D9C677F9395F}.Release|ARM.Build.0 = Release|Any CPU
		{511F720A-B7B0-455A-9C88-D9C677F9395F}.Release|ARM64.ActiveCfg = Release|Any CPU
		{511F720A-B7B0-455A-9C88-D9C677F9395F}.Release|ARM64.Build.0 = Release|Any CPU
		{511F720A-B7B0-455A-9C88-D9C677F9395F}.Release|x64.ActiveCfg = Release|Any CPU
		{511F720A-B7B0-455A-9C88-D9C677F9395F}.Release|x64.Build.0 = Release|Any CPU
		{511F720A-B7B0-455A-9C88-D9C677F9395F}.Release|x86.ActiveCfg = Release|Any CPU
		{511F720A-B7B0-455A-9C88-D9C677F9395F}.Release|x86.Build.0 = Release|Any CPU
		{C63B9F56-29E9-4221-90FC-90AEDFA0F1E8}.Debug|Any CPU.ActiveCfg = Debug|Any CPU
		{C63B9F56-29E9-4221-90FC-90AEDFA0F1E8}.Debug|Any CPU.Build.0 = Debug|Any CPU
		{C63B9F56-29E9-4221-90FC-90AEDFA0F1E8}.Debug|ARM.ActiveCfg = Debug|Any CPU
		{C63B9F56-29E9-4221-90FC-90AEDFA0F1E8}.Debug|ARM.Build.0 = Debug|Any CPU
		{C63B9F56-29E9-4221-90FC-90AEDFA0F1E8}.Debug|ARM64.ActiveCfg = Debug|Any CPU
		{C63B9F56-29E9-4221-90FC-90AEDFA0F1E8}.Debug|ARM64.Build.0 = Debug|Any CPU
		{C63B9F56-29E9-4221-90FC-90AEDFA0F1E8}.Debug|x64.ActiveCfg = Debug|Any CPU
		{C63B9F56-29E9-4221-90FC-90AEDFA0F1E8}.Debug|x64.Build.0 = Debug|Any CPU
		{C63B9F56-29E9-4221-90FC-90AEDFA0F1E8}.Debug|x86.ActiveCfg = Debug|Any CPU
		{C63B9F56-29E9-4221-90FC-90AEDFA0F1E8}.Debug|x86.Build.0 = Debug|Any CPU
		{C63B9F56-29E9-4221-90FC-90AEDFA0F1E8}.Release|Any CPU.ActiveCfg = Release|Any CPU
		{C63B9F56-29E9-4221-90FC-90AEDFA0F1E8}.Release|Any CPU.Build.0 = Release|Any CPU
		{C63B9F56-29E9-4221-90FC-90AEDFA0F1E8}.Release|ARM.ActiveCfg = Release|Any CPU
		{C63B9F56-29E9-4221-90FC-90AEDFA0F1E8}.Release|ARM.Build.0 = Release|Any CPU
		{C63B9F56-29E9-4221-90FC-90AEDFA0F1E8}.Release|ARM64.ActiveCfg = Release|Any CPU
		{C63B9F56-29E9-4221-90FC-90AEDFA0F1E8}.Release|ARM64.Build.0 = Release|Any CPU
		{C63B9F56-29E9-4221-90FC-90AEDFA0F1E8}.Release|x64.ActiveCfg = Release|Any CPU
		{C63B9F56-29E9-4221-90FC-90AEDFA0F1E8}.Release|x64.Build.0 = Release|Any CPU
		{C63B9F56-29E9-4221-90FC-90AEDFA0F1E8}.Release|x86.ActiveCfg = Release|Any CPU
		{C63B9F56-29E9-4221-90FC-90AEDFA0F1E8}.Release|x86.Build.0 = Release|Any CPU
	EndGlobalSection
	GlobalSection(SolutionProperties) = preSolution
		HideSolutionNode = FALSE
	EndGlobalSection
	GlobalSection(ExtensibilityGlobals) = postSolution
		SolutionGuid = {88A68FBA-B5B7-4378-992E-05F5916BD4FB}
	EndGlobalSection
EndGlobal
